
Microsoft Visual Studio Solution File, Format Version 12.00
# Visual Studio Version 17
VisualStudioVersion = 17.8.34309.116
MinimumVisualStudioVersion = 10.0.40219.1
Project("{2150E333-8FDC-42A3-9474-1A3956D46DE8}") = "src", "src", "{2BBB5AC3-92E7-44E0-9626-1009773B5332}"
EndProject
Project("{2150E333-8FDC-42A3-9474-1A3956D46DE8}") = "tests", "tests", "{57E63DB6-C5F7-4266-ADF9-7ABAB355771A}"
EndProject
Project("{2150E333-8FDC-42A3-9474-1A3956D46DE8}") = "Shared", "Shared", "{589A54F4-1FCD-41F7-A55A-E634EC68FEFD}"
EndProject
Project("{9A19103F-16F7-4668-BE54-9A1E7A4F7556}") = "PackIT.Shared", "src\PackIT.Shared\PackIT.Shared.csproj", "{80D57D5F-ACBA-4E46-867F-2F17A39C57F0}"
EndProject
Project("{9A19103F-16F7-4668-BE54-9A1E7A4F7556}") = "PackIT.Shared.Abstractions", "src\PackIT.Shared.Abstractions\PackIT.Shared.Abstractions.csproj", "{C2431EC8-D88F-48F7-88DB-097812FD7C0E}"
EndProject
Project("{9A19103F-16F7-4668-BE54-9A1E7A4F7556}") = "PackIT.Domain", "src\PackIT.Domain\PackIT.Domain.csproj", "{D0980ABC-5752-4779-BC2C-048451B6481C}"
EndProject
Project("{9A19103F-16F7-4668-BE54-9A1E7A4F7556}") = "PackIT.Application", "src\PackIT.Application\PackIT.Application.csproj", "{7D4177EA-A3DE-48A1-A2BC-61181E8CD4F0}"
EndProject
Project("{9A19103F-16F7-4668-BE54-9A1E7A4F7556}") = "PackIT.Infrastructure", "src\PackIT.Infrastructure\PackIT.Infrastructure.csproj", "{A6AA1147-D197-42BC-8311-57DEB6526306}"
EndProject
Project("{9A19103F-16F7-4668-BE54-9A1E7A4F7556}") = "PackIT.Api", "src\PackIT.Api\PackIT.Api.csproj", "{113D2445-09A6-4F0D-A742-508EF08557C7}"
EndProject
Project("{9A19103F-16F7-4668-BE54-9A1E7A4F7556}") = "Domain.UnitTests", "tests\Domain.UnitTests\Domain.UnitTests.csproj", "{A3304B49-481A-4EC9-8E5D-1CCE53D08A1D}"
EndProject
Project("{FAE04EC0-301F-11D3-BF4B-00C04F79EFBC}") = "Application.UnitTests", "Application.UnitTests\Application.UnitTests.csproj", "{009C111D-3FA5-44BC-A1E6-CF0FEA15DAE3}"
EndProject
Global
	GlobalSection(SolutionConfigurationPlatforms) = preSolution
		Debug|Any CPU = Debug|Any CPU
		Release|Any CPU = Release|Any CPU
	EndGlobalSection
	GlobalSection(ProjectConfigurationPlatforms) = postSolution
		{80D57D5F-ACBA-4E46-867F-2F17A39C57F0}.Debug|Any CPU.ActiveCfg = Debug|Any CPU
		{80D57D5F-ACBA-4E46-867F-2F17A39C57F0}.Debug|Any CPU.Build.0 = Debug|Any CPU
		{80D57D5F-ACBA-4E46-867F-2F17A39C57F0}.Release|Any CPU.ActiveCfg = Release|Any CPU
		{80D57D5F-ACBA-4E46-867F-2F17A39C57F0}.Release|Any CPU.Build.0 = Release|Any CPU
		{C2431EC8-D88F-48F7-88DB-097812FD7C0E}.Debug|Any CPU.ActiveCfg = Debug|Any CPU
		{C2431EC8-D88F-48F7-88DB-097812FD7C0E}.Debug|Any CPU.Build.0 = Debug|Any CPU
		{C2431EC8-D88F-48F7-88DB-097812FD7C0E}.Release|Any CPU.ActiveCfg = Release|Any CPU
		{C2431EC8-D88F-48F7-88DB-097812FD7C0E}.Release|Any CPU.Build.0 = Release|Any CPU
		{D0980ABC-5752-4779-BC2C-048451B6481C}.Debug|Any CPU.ActiveCfg = Debug|Any CPU
		{D0980ABC-5752-4779-BC2C-048451B6481C}.Debug|Any CPU.Build.0 = Debug|Any CPU
		{D0980ABC-5752-4779-BC2C-048451B6481C}.Release|Any CPU.ActiveCfg = Release|Any CPU
		{D0980ABC-5752-4779-BC2C-048451B6481C}.Release|Any CPU.Build.0 = Release|Any CPU
		{7D4177EA-A3DE-48A1-A2BC-61181E8CD4F0}.Debug|Any CPU.ActiveCfg = Debug|Any CPU
		{7D4177EA-A3DE-48A1-A2BC-61181E8CD4F0}.Debug|Any CPU.Build.0 = Debug|Any CPU
		{7D4177EA-A3DE-48A1-A2BC-61181E8CD4F0}.Release|Any CPU.ActiveCfg = Release|Any CPU
		{7D4177EA-A3DE-48A1-A2BC-61181E8CD4F0}.Release|Any CPU.Build.0 = Release|Any CPU
		{A6AA1147-D197-42BC-8311-57DEB6526306}.Debug|Any CPU.ActiveCfg = Debug|Any CPU
		{A6AA1147-D197-42BC-8311-57DEB6526306}.Debug|Any CPU.Build.0 = Debug|Any CPU
		{A6AA1147-D197-42BC-8311-57DEB6526306}.Release|Any CPU.ActiveCfg = Release|Any CPU
		{A6AA1147-D197-42BC-8311-57DEB6526306}.Release|Any CPU.Build.0 = Release|Any CPU
		{113D2445-09A6-4F0D-A742-508EF08557C7}.Debug|Any CPU.ActiveCfg = Debug|Any CPU
		{113D2445-09A6-4F0D-A742-508EF08557C7}.Debug|Any CPU.Build.0 = Debug|Any CPU
		{113D2445-09A6-4F0D-A742-508EF08557C7}.Release|Any CPU.ActiveCfg = Release|Any CPU
		{113D2445-09A6-4F0D-A742-508EF08557C7}.Release|Any CPU.Build.0 = Release|Any CPU
		{A3304B49-481A-4EC9-8E5D-1CCE53D08A1D}.Debug|Any CPU.ActiveCfg = Debug|Any CPU
		{A3304B49-481A-4EC9-8E5D-1CCE53D08A1D}.Debug|Any CPU.Build.0 = Debug|Any CPU
		{A3304B49-481A-4EC9-8E5D-1CCE53D08A1D}.Release|Any CPU.ActiveCfg = Release|Any CPU
		{A3304B49-481A-4EC9-8E5D-1CCE53D08A1D}.Release|Any CPU.Build.0 = Release|Any CPU
		{009C111D-3FA5-44BC-A1E6-CF0FEA15DAE3}.Debug|Any CPU.ActiveCfg = Debug|Any CPU
		{009C111D-3FA5-44BC-A1E6-CF0FEA15DAE3}.Debug|Any CPU.Build.0 = Debug|Any CPU
		{009C111D-3FA5-44BC-A1E6-CF0FEA15DAE3}.Release|Any CPU.ActiveCfg = Release|Any CPU
		{009C111D-3FA5-44BC-A1E6-CF0FEA15DAE3}.Release|Any CPU.Build.0 = Release|Any CPU
	EndGlobalSection
	GlobalSection(SolutionProperties) = preSolution
		HideSolutionNode = FALSE
	EndGlobalSection
	GlobalSection(NestedProjects) = preSolution
		{589A54F4-1FCD-41F7-A55A-E634EC68FEFD} = {2BBB5AC3-92E7-44E0-9626-1009773B5332}
		{80D57D5F-ACBA-4E46-867F-2F17A39C57F0} = {589A54F4-1FCD-41F7-A55A-E634EC68FEFD}
		{C2431EC8-D88F-48F7-88DB-097812FD7C0E} = {589A54F4-1FCD-41F7-A55A-E634EC68FEFD}
		{D0980ABC-5752-4779-BC2C-048451B6481C} = {2BBB5AC3-92E7-44E0-9626-1009773B5332}
		{7D4177EA-A3DE-48A1-A2BC-61181E8CD4F0} = {2BBB5AC3-92E7-44E0-9626-1009773B5332}
		{A6AA1147-D197-42BC-8311-57DEB6526306} = {2BBB5AC3-92E7-44E0-9626-1009773B5332}
		{113D2445-09A6-4F0D-A742-508EF08557C7} = {2BBB5AC3-92E7-44E0-9626-1009773B5332}
		{A3304B49-481A-4EC9-8E5D-1CCE53D08A1D} = {57E63DB6-C5F7-4266-ADF9-7ABAB355771A}
		{009C111D-3FA5-44BC-A1E6-CF0FEA15DAE3} = {57E63DB6-C5F7-4266-ADF9-7ABAB355771A}
	EndGlobalSection
	GlobalSection(ExtensibilityGlobals) = postSolution
		SolutionGuid = {3DC18303-A94B-4C66-9CD4-37439194C925}
	EndGlobalSection
EndGlobal
