
Microsoft Visual Studio Solution File, Format Version 12.00
# Visual Studio Version 17
VisualStudioVersion = 17.8.34309.116
MinimumVisualStudioVersion = 10.0.40219.1
Project("{2150E333-8FDC-42A3-9474-1A3956D46DE8}") = "src", "src", "{2BBB5AC3-92E7-44E0-9626-1009773B5332}"
EndProject	
Project("{9A19103F-16F7-4668-BE54-9A1E7A4F7556}") = "PackIT.Domain", "src\PackIT.Domain\PackIT.Domain.csproj", "{D0980ABC-5752-4779-BC2C-048451B6481C}"
EndProject
Project("{9A19103F-16F7-4668-BE54-9A1E7A4F7556}") = "PackIT.Application", "src\PackIT.Application\PackIT.Application.csproj", "{7D4177EA-A3DE-48A1-A2BC-61181E8CD4F0}"
EndProject
Project("{9A19103F-16F7-4668-BE54-9A1E7A4F7556}") = "PackIT.Infrastructure", "src\PackIT.Infrastructure\PackIT.Infrastructure.csproj", "{A6AA1147-D197-42BC-8311-57DEB6526306}"
EndProject
Project("{9A19103F-16F7-4668-BE54-9A1E7A4F7556}") = "PackIT.Api", "src\PackIT.Api\PackIT.Api.csproj", "{113D2445-09A6-4F0D-A742-508EF08557C7}"
EndProject
Project("{9A19103F-16F7-4668-BE54-9A1E7A4F7556}") = "PackIT.React.Server", "src\PackIT.React\PackIT.React.Server\PackIT.React.Server.csproj", "{164531F6-6106-4C91-8EE3-5B4D4DAB5F17}"
EndProject
Project("{54A90642-561A-4BB1-A94E-469ADEE60C69}") = "packit.react.client", "src\PackIT.React\packit.react.client\packit.react.client.esproj", "{713E7440-8DB2-492F-9EE0-4037EBA06FF6}"
EndProject
Global
	GlobalSection(SolutionConfigurationPlatforms) = preSolution
		Debug|Any CPU = Debug|Any CPU
		Release|Any CPU = Release|Any CPU
	EndGlobalSection
	GlobalSection(ProjectConfigurationPlatforms) = postSolution
		{D0980ABC-5752-4779-BC2C-048451B6481C}.Debug|Any CPU.ActiveCfg = Debug|Any CPU
		{D0980ABC-5752-4779-BC2C-048451B6481C}.Debug|Any CPU.Build.0 = Debug|Any CPU
		{D0980ABC-5752-4779-BC2C-048451B6481C}.Release|Any CPU.ActiveCfg = Release|Any CPU
		{D0980ABC-5752-4779-BC2C-048451B6481C}.Release|Any CPU.Build.0 = Release|Any CPU
		{7D4177EA-A3DE-48A1-A2BC-61181E8CD4F0}.Debug|Any CPU.ActiveCfg = Debug|Any CPU
		{7D4177EA-A3DE-48A1-A2BC-61181E8CD4F0}.Debug|Any CPU.Build.0 = Debug|Any CPU
		{7D4177EA-A3DE-48A1-A2BC-61181E8CD4F0}.Release|Any CPU.ActiveCfg = Release|Any CPU
		{7D4177EA-A3DE-48A1-A2BC-61181E8CD4F0}.Release|Any CPU.Build.0 = Release|Any CPU
		{A6AA1147-D197-42BC-8311-57DEB6526306}.Debug|Any CPU.ActiveCfg = Debug|Any CPU
		{A6AA1147-D197-42BC-8311-57DEB6526306}.Debug|Any CPU.Build.0 = Debug|Any CPU
		{A6AA1147-D197-42BC-8311-57DEB6526306}.Release|Any CPU.ActiveCfg = Release|Any CPU
		{A6AA1147-D197-42BC-8311-57DEB6526306}.Release|Any CPU.Build.0 = Release|Any CPU
		{113D2445-09A6-4F0D-A742-508EF08557C7}.Debug|Any CPU.ActiveCfg = Debug|Any CPU
		{113D2445-09A6-4F0D-A742-508EF08557C7}.Debug|Any CPU.Build.0 = Debug|Any CPU
		{113D2445-09A6-4F0D-A742-508EF08557C7}.Release|Any CPU.ActiveCfg = Release|Any CPU
		{113D2445-09A6-4F0D-A742-508EF08557C7}.Release|Any CPU.Build.0 = Release|Any CPU
		{164531F6-6106-4C91-8EE3-5B4D4DAB5F17}.Debug|Any CPU.ActiveCfg = Debug|Any CPU
		{164531F6-6106-4C91-8EE3-5B4D4DAB5F17}.Debug|Any CPU.Build.0 = Debug|Any CPU
		{164531F6-6106-4C91-8EE3-5B4D4DAB5F17}.Release|Any CPU.ActiveCfg = Release|Any CPU
		{164531F6-6106-4C91-8EE3-5B4D4DAB5F17}.Release|Any CPU.Build.0 = Release|Any CPU
		{713E7440-8DB2-492F-9EE0-4037EBA06FF6}.Debug|Any CPU.ActiveCfg = Debug|Any CPU
		{713E7440-8DB2-492F-9EE0-4037EBA06FF6}.Debug|Any CPU.Build.0 = Debug|Any CPU
		{713E7440-8DB2-492F-9EE0-4037EBA06FF6}.Debug|Any CPU.Deploy.0 = Debug|Any CPU
		{713E7440-8DB2-492F-9EE0-4037EBA06FF6}.Release|Any CPU.ActiveCfg = Release|Any CPU
		{713E7440-8DB2-492F-9EE0-4037EBA06FF6}.Release|Any CPU.Build.0 = Release|Any CPU
		{713E7440-8DB2-492F-9EE0-4037EBA06FF6}.Release|Any CPU.Deploy.0 = Release|Any CPU
	EndGlobalSection
	GlobalSection(SolutionProperties) = preSolution
		HideSolutionNode = FALSE
	EndGlobalSection
	GlobalSection(NestedProjects) = preSolution
		{D0980ABC-5752-4779-BC2C-048451B6481C} = {2BBB5AC3-92E7-44E0-9626-1009773B5332}
		{7D4177EA-A3DE-48A1-A2BC-61181E8CD4F0} = {2BBB5AC3-92E7-44E0-9626-1009773B5332}
		{A6AA1147-D197-42BC-8311-57DEB6526306} = {2BBB5AC3-92E7-44E0-9626-1009773B5332}
		{113D2445-09A6-4F0D-A742-508EF08557C7} = {2BBB5AC3-92E7-44E0-9626-1009773B5332}
		{164531F6-6106-4C91-8EE3-5B4D4DAB5F17} = {2BBB5AC3-92E7-44E0-9626-1009773B5332}
	EndGlobalSection
	GlobalSection(ExtensibilityGlobals) = postSolution
		SolutionGuid = {3DC18303-A94B-4C66-9CD4-37439194C925}
	EndGlobalSection
EndGlobal
